
Microsoft Visual Studio Solution File, Format Version 12.00
# Visual Studio Version 17
VisualStudioVersion = 17.3.32922.545
MinimumVisualStudioVersion = 10.0.40219.1
Project("{9A19103F-16F7-4668-BE54-9A1E7A4F7556}") = "InventariesWebAPI", "InventariesWebAPI.csproj", "{21CC6DD4-ED11-4115-890C-C10F6F84F3F8}"
EndProject
Global
	GlobalSection(SolutionConfigurationPlatforms) = preSolution
		Debug|Any CPU = Debug|Any CPU
		Release|Any CPU = Release|Any CPU
	EndGlobalSection
	GlobalSection(ProjectConfigurationPlatforms) = postSolution
		{21CC6DD4-ED11-4115-890C-C10F6F84F3F8}.Debug|Any CPU.ActiveCfg = Debug|Any CPU
		{21CC6DD4-ED11-4115-890C-C10F6F84F3F8}.Debug|Any CPU.Build.0 = Debug|Any CPU
		{21CC6DD4-ED11-4115-890C-C10F6F84F3F8}.Release|Any CPU.ActiveCfg = Release|Any CPU
		{21CC6DD4-ED11-4115-890C-C10F6F84F3F8}.Release|Any CPU.Build.0 = Release|Any CPU
	EndGlobalSection
	GlobalSection(SolutionProperties) = preSolution
		HideSolutionNode = FALSE
	EndGlobalSection
	GlobalSection(ExtensibilityGlobals) = postSolution
		SolutionGuid = {92FCCE5D-52AB-4677-A80F-9932BA443B7E}
	EndGlobalSection
EndGlobal
